
Microsoft Visual Studio Solution File, Format Version 12.00
# Visual Studio Version 17
VisualStudioVersion = 17.0.31903.59
MinimumVisualStudioVersion = 10.0.40219.1
Project("{FAE04EC0-301F-11D3-BF4B-00C04F79EFBC}") = "kittywork.HelloWorld.Business", "kittywork.HelloWorld.Business\kittywork.HelloWorld.Business.csproj", "{5AB1783B-D71E-486C-A76D-561F592308EA}"
EndProject
Project("{FAE04EC0-301F-11D3-BF4B-00C04F79EFBC}") = "kittywork.HelloWorld.Console", "kittywork.HelloWorld.Console\kittywork.HelloWorld.Console.csproj", "{881981AA-5859-45D3-8337-4FA2723B14EE}"
EndProject
Project("{FAE04EC0-301F-11D3-BF4B-00C04F79EFBC}") = "kittywork.HelloWorld.Business.Tests", "kittywork.HelloWorld.Business.Tests\kittywork.HelloWorld.Business.Tests.csproj", "{0BE28C4A-6122-4A28-947F-8A73F86EE56F}"
EndProject
Global
	GlobalSection(SolutionConfigurationPlatforms) = preSolution
		Debug|Any CPU = Debug|Any CPU
		Debug|x64 = Debug|x64
		Debug|x86 = Debug|x86
		Release|Any CPU = Release|Any CPU
		Release|x64 = Release|x64
		Release|x86 = Release|x86
	EndGlobalSection
	GlobalSection(ProjectConfigurationPlatforms) = postSolution
		{5AB1783B-D71E-486C-A76D-561F592308EA}.Debug|Any CPU.ActiveCfg = Debug|Any CPU
		{5AB1783B-D71E-486C-A76D-561F592308EA}.Debug|Any CPU.Build.0 = Debug|Any CPU
		{5AB1783B-D71E-486C-A76D-561F592308EA}.Debug|x64.ActiveCfg = Debug|Any CPU
		{5AB1783B-D71E-486C-A76D-561F592308EA}.Debug|x64.Build.0 = Debug|Any CPU
		{5AB1783B-D71E-486C-A76D-561F592308EA}.Debug|x86.ActiveCfg = Debug|Any CPU
		{5AB1783B-D71E-486C-A76D-561F592308EA}.Debug|x86.Build.0 = Debug|Any CPU
		{5AB1783B-D71E-486C-A76D-561F592308EA}.Release|Any CPU.ActiveCfg = Release|Any CPU
		{5AB1783B-D71E-486C-A76D-561F592308EA}.Release|Any CPU.Build.0 = Release|Any CPU
		{5AB1783B-D71E-486C-A76D-561F592308EA}.Release|x64.ActiveCfg = Release|Any CPU
		{5AB1783B-D71E-486C-A76D-561F592308EA}.Release|x64.Build.0 = Release|Any CPU
		{5AB1783B-D71E-486C-A76D-561F592308EA}.Release|x86.ActiveCfg = Release|Any CPU
		{5AB1783B-D71E-486C-A76D-561F592308EA}.Release|x86.Build.0 = Release|Any CPU
		{881981AA-5859-45D3-8337-4FA2723B14EE}.Debug|Any CPU.ActiveCfg = Debug|Any CPU
		{881981AA-5859-45D3-8337-4FA2723B14EE}.Debug|Any CPU.Build.0 = Debug|Any CPU
		{881981AA-5859-45D3-8337-4FA2723B14EE}.Debug|x64.ActiveCfg = Debug|Any CPU
		{881981AA-5859-45D3-8337-4FA2723B14EE}.Debug|x64.Build.0 = Debug|Any CPU
		{881981AA-5859-45D3-8337-4FA2723B14EE}.Debug|x86.ActiveCfg = Debug|Any CPU
		{881981AA-5859-45D3-8337-4FA2723B14EE}.Debug|x86.Build.0 = Debug|Any CPU
		{881981AA-5859-45D3-8337-4FA2723B14EE}.Release|Any CPU.ActiveCfg = Release|Any CPU
		{881981AA-5859-45D3-8337-4FA2723B14EE}.Release|Any CPU.Build.0 = Release|Any CPU
		{881981AA-5859-45D3-8337-4FA2723B14EE}.Release|x64.ActiveCfg = Release|Any CPU
		{881981AA-5859-45D3-8337-4FA2723B14EE}.Release|x64.Build.0 = Release|Any CPU
		{881981AA-5859-45D3-8337-4FA2723B14EE}.Release|x86.ActiveCfg = Release|Any CPU
		{881981AA-5859-45D3-8337-4FA2723B14EE}.Release|x86.Build.0 = Release|Any CPU
		{0BE28C4A-6122-4A28-947F-8A73F86EE56F}.Debug|Any CPU.ActiveCfg = Debug|Any CPU
		{0BE28C4A-6122-4A28-947F-8A73F86EE56F}.Debug|Any CPU.Build.0 = Debug|Any CPU
		{0BE28C4A-6122-4A28-947F-8A73F86EE56F}.Debug|x64.ActiveCfg = Debug|Any CPU
		{0BE28C4A-6122-4A28-947F-8A73F86EE56F}.Debug|x64.Build.0 = Debug|Any CPU
		{0BE28C4A-6122-4A28-947F-8A73F86EE56F}.Debug|x86.ActiveCfg = Debug|Any CPU
		{0BE28C4A-6122-4A28-947F-8A73F86EE56F}.Debug|x86.Build.0 = Debug|Any CPU
		{0BE28C4A-6122-4A28-947F-8A73F86EE56F}.Release|Any CPU.ActiveCfg = Release|Any CPU
		{0BE28C4A-6122-4A28-947F-8A73F86EE56F}.Release|Any CPU.Build.0 = Release|Any CPU
		{0BE28C4A-6122-4A28-947F-8A73F86EE56F}.Release|x64.ActiveCfg = Release|Any CPU
		{0BE28C4A-6122-4A28-947F-8A73F86EE56F}.Release|x64.Build.0 = Release|Any CPU
		{0BE28C4A-6122-4A28-947F-8A73F86EE56F}.Release|x86.ActiveCfg = Release|Any CPU
		{0BE28C4A-6122-4A28-947F-8A73F86EE56F}.Release|x86.Build.0 = Release|Any CPU
	EndGlobalSection
	GlobalSection(SolutionProperties) = preSolution
		HideSolutionNode = FALSE
	EndGlobalSection
EndGlobal
