
Microsoft Visual Studio Solution File, Format Version 12.00
# Visual Studio Version 17
VisualStudioVersion = 17.0.31903.59
MinimumVisualStudioVersion = 10.0.40219.1
Project("{FAE04EC0-301F-11D3-BF4B-00C04F79EFBC}") = "kittywork.Wc3ReplayParser.Business", "kittywork.Wc3ReplayParser.Business\kittywork.Wc3ReplayParser.Business.csproj", "{8C9D62E1-B1BA-41E2-AE99-399245765B41}"
EndProject
Project("{FAE04EC0-301F-11D3-BF4B-00C04F79EFBC}") = "kittywork.Wc3ReplayParser.Business.Tests", "kittywork.Wc3ReplayParser.Business.Tests\kittywork.Wc3ReplayParser.Business.Tests.csproj", "{30817111-9718-400B-8A1D-289644E88E6D}"
EndProject
Project("{FAE04EC0-301F-11D3-BF4B-00C04F79EFBC}") = "kittywork.Wc3ReplayParser.Console", "kittywork.Wc3ReplayParser.Console\kittywork.Wc3ReplayParser.Console.csproj", "{1E17D68E-9092-46BF-A756-3E87BE08198F}"
EndProject
Global
	GlobalSection(SolutionConfigurationPlatforms) = preSolution
		Debug|Any CPU = Debug|Any CPU
		Debug|x64 = Debug|x64
		Debug|x86 = Debug|x86
		Release|Any CPU = Release|Any CPU
		Release|x64 = Release|x64
		Release|x86 = Release|x86
	EndGlobalSection
	GlobalSection(ProjectConfigurationPlatforms) = postSolution
		{8C9D62E1-B1BA-41E2-AE99-399245765B41}.Debug|Any CPU.ActiveCfg = Debug|Any CPU
		{8C9D62E1-B1BA-41E2-AE99-399245765B41}.Debug|Any CPU.Build.0 = Debug|Any CPU
		{8C9D62E1-B1BA-41E2-AE99-399245765B41}.Debug|x64.ActiveCfg = Debug|Any CPU
		{8C9D62E1-B1BA-41E2-AE99-399245765B41}.Debug|x64.Build.0 = Debug|Any CPU
		{8C9D62E1-B1BA-41E2-AE99-399245765B41}.Debug|x86.ActiveCfg = Debug|Any CPU
		{8C9D62E1-B1BA-41E2-AE99-399245765B41}.Debug|x86.Build.0 = Debug|Any CPU
		{8C9D62E1-B1BA-41E2-AE99-399245765B41}.Release|Any CPU.ActiveCfg = Release|Any CPU
		{8C9D62E1-B1BA-41E2-AE99-399245765B41}.Release|Any CPU.Build.0 = Release|Any CPU
		{8C9D62E1-B1BA-41E2-AE99-399245765B41}.Release|x64.ActiveCfg = Release|Any CPU
		{8C9D62E1-B1BA-41E2-AE99-399245765B41}.Release|x64.Build.0 = Release|Any CPU
		{8C9D62E1-B1BA-41E2-AE99-399245765B41}.Release|x86.ActiveCfg = Release|Any CPU
		{8C9D62E1-B1BA-41E2-AE99-399245765B41}.Release|x86.Build.0 = Release|Any CPU
		{30817111-9718-400B-8A1D-289644E88E6D}.Debug|Any CPU.ActiveCfg = Debug|Any CPU
		{30817111-9718-400B-8A1D-289644E88E6D}.Debug|Any CPU.Build.0 = Debug|Any CPU
		{30817111-9718-400B-8A1D-289644E88E6D}.Debug|x64.ActiveCfg = Debug|Any CPU
		{30817111-9718-400B-8A1D-289644E88E6D}.Debug|x64.Build.0 = Debug|Any CPU
		{30817111-9718-400B-8A1D-289644E88E6D}.Debug|x86.ActiveCfg = Debug|Any CPU
		{30817111-9718-400B-8A1D-289644E88E6D}.Debug|x86.Build.0 = Debug|Any CPU
		{30817111-9718-400B-8A1D-289644E88E6D}.Release|Any CPU.ActiveCfg = Release|Any CPU
		{30817111-9718-400B-8A1D-289644E88E6D}.Release|Any CPU.Build.0 = Release|Any CPU
		{30817111-9718-400B-8A1D-289644E88E6D}.Release|x64.ActiveCfg = Release|Any CPU
		{30817111-9718-400B-8A1D-289644E88E6D}.Release|x64.Build.0 = Release|Any CPU
		{30817111-9718-400B-8A1D-289644E88E6D}.Release|x86.ActiveCfg = Release|Any CPU
		{30817111-9718-400B-8A1D-289644E88E6D}.Release|x86.Build.0 = Release|Any CPU
		{1E17D68E-9092-46BF-A756-3E87BE08198F}.Debug|Any CPU.ActiveCfg = Debug|Any CPU
		{1E17D68E-9092-46BF-A756-3E87BE08198F}.Debug|Any CPU.Build.0 = Debug|Any CPU
		{1E17D68E-9092-46BF-A756-3E87BE08198F}.Debug|x64.ActiveCfg = Debug|Any CPU
		{1E17D68E-9092-46BF-A756-3E87BE08198F}.Debug|x64.Build.0 = Debug|Any CPU
		{1E17D68E-9092-46BF-A756-3E87BE08198F}.Debug|x86.ActiveCfg = Debug|Any CPU
		{1E17D68E-9092-46BF-A756-3E87BE08198F}.Debug|x86.Build.0 = Debug|Any CPU
		{1E17D68E-9092-46BF-A756-3E87BE08198F}.Release|Any CPU.ActiveCfg = Release|Any CPU
		{1E17D68E-9092-46BF-A756-3E87BE08198F}.Release|Any CPU.Build.0 = Release|Any CPU
		{1E17D68E-9092-46BF-A756-3E87BE08198F}.Release|x64.ActiveCfg = Release|Any CPU
		{1E17D68E-9092-46BF-A756-3E87BE08198F}.Release|x64.Build.0 = Release|Any CPU
		{1E17D68E-9092-46BF-A756-3E87BE08198F}.Release|x86.ActiveCfg = Release|Any CPU
		{1E17D68E-9092-46BF-A756-3E87BE08198F}.Release|x86.Build.0 = Release|Any CPU
	EndGlobalSection
	GlobalSection(SolutionProperties) = preSolution
		HideSolutionNode = FALSE
	EndGlobalSection
EndGlobal
